// !$*UTF8*$!
{
	archiveVersion = 1;
	classes = {
	};
	objectVersion = 46;
	objects = {

/* Begin PBXBuildFile section */
		3DC66407AB658253C79A9D25 /* Pods_Test_Engie_SE_iOSTests.framework in Frameworks */ = {isa = PBXBuildFile; fileRef = 0333F39181ECDC0034F415C2 /* Pods_Test_Engie_SE_iOSTests.framework */; };
		6F36301E1EDF56060001CC0D /* main.m in Sources */ = {isa = PBXBuildFile; fileRef = 6F36301D1EDF56060001CC0D /* main.m */; };
		6F3630211EDF56060001CC0D /* AppDelegate.m in Sources */ = {isa = PBXBuildFile; fileRef = 6F3630201EDF56060001CC0D /* AppDelegate.m */; };
		6F3630241EDF56060001CC0D /* SplashScreenViewController.m in Sources */ = {isa = PBXBuildFile; fileRef = 6F3630231EDF56060001CC0D /* SplashScreenViewController.m */; };
		6F3630271EDF56060001CC0D /* Main.storyboard in Resources */ = {isa = PBXBuildFile; fileRef = 6F3630251EDF56060001CC0D /* Main.storyboard */; };
		6F3630291EDF56060001CC0D /* Assets.xcassets in Resources */ = {isa = PBXBuildFile; fileRef = 6F3630281EDF56060001CC0D /* Assets.xcassets */; };
		6F36302C1EDF56060001CC0D /* LaunchScreen.storyboard in Resources */ = {isa = PBXBuildFile; fileRef = 6F36302A1EDF56060001CC0D /* LaunchScreen.storyboard */; };
		6F3630371EDF56060001CC0D /* Test_Engie_SE_iOSTests.m in Sources */ = {isa = PBXBuildFile; fileRef = 6F3630361EDF56060001CC0D /* Test_Engie_SE_iOSTests.m */; };
		9A736998C5D3FEF1677C0D02 /* Pods_Test_Engie_SE_iOS.framework in Frameworks */ = {isa = PBXBuildFile; fileRef = EC9D894D42A1F0D941EDF66F /* Pods_Test_Engie_SE_iOS.framework */; };
/* End PBXBuildFile section */

/* Begin PBXContainerItemProxy section */
		6F3630331EDF56060001CC0D /* PBXContainerItemProxy */ = {
			isa = PBXContainerItemProxy;
			containerPortal = 6F3630111EDF56050001CC0D /* Project object */;
			proxyType = 1;
			remoteGlobalIDString = 6F3630181EDF56050001CC0D;
			remoteInfo = Test_Engie_SE_iOS;
		};
/* End PBXContainerItemProxy section */

/* Begin PBXFileReference section */
		0333F39181ECDC0034F415C2 /* Pods_Test_Engie_SE_iOSTests.framework */ = {isa = PBXFileReference; explicitFileType = wrapper.framework; includeInIndex = 0; path = Pods_Test_Engie_SE_iOSTests.framework; sourceTree = BUILT_PRODUCTS_DIR; };
		49676DC84C04F9B9C4B7319F /* Pods-Test_Engie_SE_iOSTests.release.xcconfig */ = {isa = PBXFileReference; includeInIndex = 1; lastKnownFileType = text.xcconfig; name = "Pods-Test_Engie_SE_iOSTests.release.xcconfig"; path = "Pods/Target Support Files/Pods-Test_Engie_SE_iOSTests/Pods-Test_Engie_SE_iOSTests.release.xcconfig"; sourceTree = "<group>"; };
		59D02DC25DE693C5F9AD76BE /* Pods-Test_Engie_SE_iOS.release.xcconfig */ = {isa = PBXFileReference; includeInIndex = 1; lastKnownFileType = text.xcconfig; name = "Pods-Test_Engie_SE_iOS.release.xcconfig"; path = "Pods/Target Support Files/Pods-Test_Engie_SE_iOS/Pods-Test_Engie_SE_iOS.release.xcconfig"; sourceTree = "<group>"; };
		6F3630191EDF56050001CC0D /* Test_Engie_SE_iOS.app */ = {isa = PBXFileReference; explicitFileType = wrapper.application; includeInIndex = 0; path = Test_Engie_SE_iOS.app; sourceTree = BUILT_PRODUCTS_DIR; };
		6F36301D1EDF56060001CC0D /* main.m */ = {isa = PBXFileReference; lastKnownFileType = sourcecode.c.objc; path = main.m; sourceTree = "<group>"; };
		6F36301F1EDF56060001CC0D /* AppDelegate.h */ = {isa = PBXFileReference; lastKnownFileType = sourcecode.c.h; path = AppDelegate.h; sourceTree = "<group>"; };
		6F3630201EDF56060001CC0D /* AppDelegate.m */ = {isa = PBXFileReference; lastKnownFileType = sourcecode.c.objc; path = AppDelegate.m; sourceTree = "<group>"; };
		6F3630221EDF56060001CC0D /* SplashScreenViewController.h */ = {isa = PBXFileReference; lastKnownFileType = sourcecode.c.h; path = SplashScreenViewController.h; sourceTree = "<group>"; };
		6F3630231EDF56060001CC0D /* SplashScreenViewController.m */ = {isa = PBXFileReference; lastKnownFileType = sourcecode.c.objc; path = SplashScreenViewController.m; sourceTree = "<group>"; };
		6F3630261EDF56060001CC0D /* Base */ = {isa = PBXFileReference; lastKnownFileType = file.storyboard; name = Base; path = Base.lproj/Main.storyboard; sourceTree = "<group>"; };
		6F3630281EDF56060001CC0D /* Assets.xcassets */ = {isa = PBXFileReference; lastKnownFileType = folder.assetcatalog; path = Assets.xcassets; sourceTree = "<group>"; };
		6F36302B1EDF56060001CC0D /* Base */ = {isa = PBXFileReference; lastKnownFileType = file.storyboard; name = Base; path = Base.lproj/LaunchScreen.storyboard; sourceTree = "<group>"; };
		6F36302D1EDF56060001CC0D /* Info.plist */ = {isa = PBXFileReference; lastKnownFileType = text.plist.xml; path = Info.plist; sourceTree = "<group>"; };
		6F3630321EDF56060001CC0D /* Test_Engie_SE_iOSTests.xctest */ = {isa = PBXFileReference; explicitFileType = wrapper.cfbundle; includeInIndex = 0; path = Test_Engie_SE_iOSTests.xctest; sourceTree = BUILT_PRODUCTS_DIR; };
		6F3630361EDF56060001CC0D /* Test_Engie_SE_iOSTests.m */ = {isa = PBXFileReference; lastKnownFileType = sourcecode.c.objc; path = Test_Engie_SE_iOSTests.m; sourceTree = "<group>"; };
		6F3630381EDF56060001CC0D /* Info.plist */ = {isa = PBXFileReference; lastKnownFileType = text.plist.xml; path = Info.plist; sourceTree = "<group>"; };
		93D1BF3884A368ECAEE7292D /* Pods-Test_Engie_SE_iOS.debug.xcconfig */ = {isa = PBXFileReference; includeInIndex = 1; lastKnownFileType = text.xcconfig; name = "Pods-Test_Engie_SE_iOS.debug.xcconfig"; path = "Pods/Target Support Files/Pods-Test_Engie_SE_iOS/Pods-Test_Engie_SE_iOS.debug.xcconfig"; sourceTree = "<group>"; };
		EC9D894D42A1F0D941EDF66F /* Pods_Test_Engie_SE_iOS.framework */ = {isa = PBXFileReference; explicitFileType = wrapper.framework; includeInIndex = 0; path = Pods_Test_Engie_SE_iOS.framework; sourceTree = BUILT_PRODUCTS_DIR; };
		FDDAD8835178DE514E7EB6ED /* Pods-Test_Engie_SE_iOSTests.debug.xcconfig */ = {isa = PBXFileReference; includeInIndex = 1; lastKnownFileType = text.xcconfig; name = "Pods-Test_Engie_SE_iOSTests.debug.xcconfig"; path = "Pods/Target Support Files/Pods-Test_Engie_SE_iOSTests/Pods-Test_Engie_SE_iOSTests.debug.xcconfig"; sourceTree = "<group>"; };
/* End PBXFileReference section */

/* Begin PBXFrameworksBuildPhase section */
		6F3630161EDF56050001CC0D /* Frameworks */ = {
			isa = PBXFrameworksBuildPhase;
			buildActionMask = 2147483647;
			files = (
				9A736998C5D3FEF1677C0D02 /* Pods_Test_Engie_SE_iOS.framework in Frameworks */,
			);
			runOnlyForDeploymentPostprocessing = 0;
		};
		6F36302F1EDF56060001CC0D /* Frameworks */ = {
			isa = PBXFrameworksBuildPhase;
			buildActionMask = 2147483647;
			files = (
				3DC66407AB658253C79A9D25 /* Pods_Test_Engie_SE_iOSTests.framework in Frameworks */,
			);
			runOnlyForDeploymentPostprocessing = 0;
		};
/* End PBXFrameworksBuildPhase section */

/* Begin PBXGroup section */
		6D16FA8B3F6557B88CEBB572 /* Frameworks */ = {
			isa = PBXGroup;
			children = (
				EC9D894D42A1F0D941EDF66F /* Pods_Test_Engie_SE_iOS.framework */,
				0333F39181ECDC0034F415C2 /* Pods_Test_Engie_SE_iOSTests.framework */,
			);
			name = Frameworks;
			sourceTree = "<group>";
		};
		6F3630101EDF56050001CC0D = {
			isa = PBXGroup;
			children = (
				6F36301B1EDF56050001CC0D /* Test_Engie_SE_iOS */,
				6F3630351EDF56060001CC0D /* Test_Engie_SE_iOSTests */,
				6F36301A1EDF56050001CC0D /* Products */,
				76A5BE049D9A8ADA0A42E823 /* Pods */,
				6D16FA8B3F6557B88CEBB572 /* Frameworks */,
			);
			sourceTree = "<group>";
		};
		6F36301A1EDF56050001CC0D /* Products */ = {
			isa = PBXGroup;
			children = (
				6F3630191EDF56050001CC0D /* Test_Engie_SE_iOS.app */,
				6F3630321EDF56060001CC0D /* Test_Engie_SE_iOSTests.xctest */,
			);
			name = Products;
			sourceTree = "<group>";
		};
		6F36301B1EDF56050001CC0D /* Test_Engie_SE_iOS */ = {
			isa = PBXGroup;
			children = (
				6F36301F1EDF56060001CC0D /* AppDelegate.h */,
				6F3630201EDF56060001CC0D /* AppDelegate.m */,
				6F3630221EDF56060001CC0D /* SplashScreenViewController.h */,
				6F3630231EDF56060001CC0D /* SplashScreenViewController.m */,
				6F3630251EDF56060001CC0D /* Main.storyboard */,
				6F3630281EDF56060001CC0D /* Assets.xcassets */,
				6F36302A1EDF56060001CC0D /* LaunchScreen.storyboard */,
				6F36302D1EDF56060001CC0D /* Info.plist */,
				6F36301C1EDF56050001CC0D /* Supporting Files */,
			);
			path = Test_Engie_SE_iOS;
			sourceTree = "<group>";
		};
		6F36301C1EDF56050001CC0D /* Supporting Files */ = {
			isa = PBXGroup;
			children = (
				6F36301D1EDF56060001CC0D /* main.m */,
			);
			name = "Supporting Files";
			sourceTree = "<group>";
		};
		6F3630351EDF56060001CC0D /* Test_Engie_SE_iOSTests */ = {
			isa = PBXGroup;
			children = (
				6F3630361EDF56060001CC0D /* Test_Engie_SE_iOSTests.m */,
				6F3630381EDF56060001CC0D /* Info.plist */,
			);
			path = Test_Engie_SE_iOSTests;
			sourceTree = "<group>";
		};
		76A5BE049D9A8ADA0A42E823 /* Pods */ = {
			isa = PBXGroup;
			children = (
				93D1BF3884A368ECAEE7292D /* Pods-Test_Engie_SE_iOS.debug.xcconfig */,
				59D02DC25DE693C5F9AD76BE /* Pods-Test_Engie_SE_iOS.release.xcconfig */,
				FDDAD8835178DE514E7EB6ED /* Pods-Test_Engie_SE_iOSTests.debug.xcconfig */,
				49676DC84C04F9B9C4B7319F /* Pods-Test_Engie_SE_iOSTests.release.xcconfig */,
			);
			name = Pods;
			sourceTree = "<group>";
		};
/* End PBXGroup section */

/* Begin PBXNativeTarget section */
		6F3630181EDF56050001CC0D /* Test_Engie_SE_iOS */ = {
			isa = PBXNativeTarget;
			buildConfigurationList = 6F36303B1EDF56060001CC0D /* Build configuration list for PBXNativeTarget "Test_Engie_SE_iOS" */;
			buildPhases = (
				3C3C064E88748F0825EACD49 /* [CP] Check Pods Manifest.lock */,
				6F3630151EDF56050001CC0D /* Sources */,
				6F3630161EDF56050001CC0D /* Frameworks */,
				6F3630171EDF56050001CC0D /* Resources */,
				11BB6E714D8F6A88D61E4BEA /* [CP] Embed Pods Frameworks */,
				B2D90B47F3380809D513F4C0 /* [CP] Copy Pods Resources */,
			);
			buildRules = (
			);
			dependencies = (
			);
			name = Test_Engie_SE_iOS;
			productName = Test_Engie_SE_iOS;
			productReference = 6F3630191EDF56050001CC0D /* Test_Engie_SE_iOS.app */;
			productType = "com.apple.product-type.application";
		};
		6F3630311EDF56060001CC0D /* Test_Engie_SE_iOSTests */ = {
			isa = PBXNativeTarget;
			buildConfigurationList = 6F36303E1EDF56060001CC0D /* Build configuration list for PBXNativeTarget "Test_Engie_SE_iOSTests" */;
			buildPhases = (
				7799410CBE86B9ECBFC12315 /* [CP] Check Pods Manifest.lock */,
				6F36302E1EDF56060001CC0D /* Sources */,
				6F36302F1EDF56060001CC0D /* Frameworks */,
				6F3630301EDF56060001CC0D /* Resources */,
				8665A2F9EE3957AB5CF29935 /* [CP] Embed Pods Frameworks */,
				B3A843206859366043DC0955 /* [CP] Copy Pods Resources */,
			);
			buildRules = (
			);
			dependencies = (
				6F3630341EDF56060001CC0D /* PBXTargetDependency */,
			);
			name = Test_Engie_SE_iOSTests;
			productName = Test_Engie_SE_iOSTests;
			productReference = 6F3630321EDF56060001CC0D /* Test_Engie_SE_iOSTests.xctest */;
			productType = "com.apple.product-type.bundle.unit-test";
		};
/* End PBXNativeTarget section */

/* Begin PBXProject section */
		6F3630111EDF56050001CC0D /* Project object */ = {
			isa = PBXProject;
			attributes = {
				LastUpgradeCheck = 0820;
				ORGANIZATIONNAME = "Alexandre Sagette";
				TargetAttributes = {
					6F3630181EDF56050001CC0D = {
						CreatedOnToolsVersion = 8.2.1;
						ProvisioningStyle = Manual;
					};
					6F3630311EDF56060001CC0D = {
						CreatedOnToolsVersion = 8.2.1;
						ProvisioningStyle = Automatic;
						TestTargetID = 6F3630181EDF56050001CC0D;
					};
				};
			};
			buildConfigurationList = 6F3630141EDF56050001CC0D /* Build configuration list for PBXProject "Test_Engie_SE_iOS" */;
			compatibilityVersion = "Xcode 3.2";
			developmentRegion = English;
			hasScannedForEncodings = 0;
			knownRegions = (
				en,
				Base,
			);
			mainGroup = 6F3630101EDF56050001CC0D;
			productRefGroup = 6F36301A1EDF56050001CC0D /* Products */;
			projectDirPath = "";
			projectRoot = "";
			targets = (
				6F3630181EDF56050001CC0D /* Test_Engie_SE_iOS */,
				6F3630311EDF56060001CC0D /* Test_Engie_SE_iOSTests */,
			);
		};
/* End PBXProject section */

/* Begin PBXResourcesBuildPhase section */
		6F3630171EDF56050001CC0D /* Resources */ = {
			isa = PBXResourcesBuildPhase;
			buildActionMask = 2147483647;
			files = (
				6F36302C1EDF56060001CC0D /* LaunchScreen.storyboard in Resources */,
				6F3630291EDF56060001CC0D /* Assets.xcassets in Resources */,
				6F3630271EDF56060001CC0D /* Main.storyboard in Resources */,
			);
			runOnlyForDeploymentPostprocessing = 0;
		};
		6F3630301EDF56060001CC0D /* Resources */ = {
			isa = PBXResourcesBuildPhase;
			buildActionMask = 2147483647;
			files = (
			);
			runOnlyForDeploymentPostprocessing = 0;
		};
/* End PBXResourcesBuildPhase section */

/* Begin PBXShellScriptBuildPhase section */
		11BB6E714D8F6A88D61E4BEA /* [CP] Embed Pods Frameworks */ = {
			isa = PBXShellScriptBuildPhase;
			buildActionMask = 2147483647;
			files = (
			);
			inputPaths = (
			);
			name = "[CP] Embed Pods Frameworks";
			outputPaths = (
			);
			runOnlyForDeploymentPostprocessing = 0;
			shellPath = /bin/sh;
			shellScript = "\"${SRCROOT}/Pods/Target Support Files/Pods-Test_Engie_SE_iOS/Pods-Test_Engie_SE_iOS-frameworks.sh\"\n";
			showEnvVarsInLog = 0;
		};
		3C3C064E88748F0825EACD49 /* [CP] Check Pods Manifest.lock */ = {
			isa = PBXShellScriptBuildPhase;
			buildActionMask = 2147483647;
			files = (
			);
			inputPaths = (
			);
			name = "[CP] Check Pods Manifest.lock";
			outputPaths = (
			);
			runOnlyForDeploymentPostprocessing = 0;
			shellPath = /bin/sh;
			shellScript = "diff \"${PODS_PODFILE_DIR_PATH}/Podfile.lock\" \"${PODS_ROOT}/Manifest.lock\" > /dev/null\nif [ $? != 0 ] ; then\n    # print error to STDERR\n    echo \"error: The sandbox is not in sync with the Podfile.lock. Run 'pod install' or update your CocoaPods installation.\" >&2\n    exit 1\nfi\n";
			showEnvVarsInLog = 0;
		};
		7799410CBE86B9ECBFC12315 /* [CP] Check Pods Manifest.lock */ = {
			isa = PBXShellScriptBuildPhase;
			buildActionMask = 2147483647;
			files = (
			);
			inputPaths = (
			);
			name = "[CP] Check Pods Manifest.lock";
			outputPaths = (
			);
			runOnlyForDeploymentPostprocessing = 0;
			shellPath = /bin/sh;
			shellScript = "diff \"${PODS_PODFILE_DIR_PATH}/Podfile.lock\" \"${PODS_ROOT}/Manifest.lock\" > /dev/null\nif [ $? != 0 ] ; then\n    # print error to STDERR\n    echo \"error: The sandbox is not in sync with the Podfile.lock. Run 'pod install' or update your CocoaPods installation.\" >&2\n    exit 1\nfi\n";
			showEnvVarsInLog = 0;
		};
		8665A2F9EE3957AB5CF29935 /* [CP] Embed Pods Frameworks */ = {
			isa = PBXShellScriptBuildPhase;
			buildActionMask = 2147483647;
			files = (
			);
			inputPaths = (
			);
			name = "[CP] Embed Pods Frameworks";
			outputPaths = (
			);
			runOnlyForDeploymentPostprocessing = 0;
			shellPath = /bin/sh;
			shellScript = "\"${SRCROOT}/Pods/Target Support Files/Pods-Test_Engie_SE_iOSTests/Pods-Test_Engie_SE_iOSTests-frameworks.sh\"\n";
			showEnvVarsInLog = 0;
		};
		B2D90B47F3380809D513F4C0 /* [CP] Copy Pods Resources */ = {
			isa = PBXShellScriptBuildPhase;
			buildActionMask = 2147483647;
			files = (
			);
			inputPaths = (
			);
			name = "[CP] Copy Pods Resources";
			outputPaths = (
			);
			runOnlyForDeploymentPostprocessing = 0;
			shellPath = /bin/sh;
			shellScript = "\"${SRCROOT}/Pods/Target Support Files/Pods-Test_Engie_SE_iOS/Pods-Test_Engie_SE_iOS-resources.sh\"\n";
			showEnvVarsInLog = 0;
		};
		B3A843206859366043DC0955 /* [CP] Copy Pods Resources */ = {
			isa = PBXShellScriptBuildPhase;
			buildActionMask = 2147483647;
			files = (
			);
			inputPaths = (
			);
			name = "[CP] Copy Pods Resources";
			outputPaths = (
			);
			runOnlyForDeploymentPostprocessing = 0;
			shellPath = /bin/sh;
			shellScript = "\"${SRCROOT}/Pods/Target Support Files/Pods-Test_Engie_SE_iOSTests/Pods-Test_Engie_SE_iOSTests-resources.sh\"\n";
			showEnvVarsInLog = 0;
		};
/* End PBXShellScriptBuildPhase section */

/* Begin PBXSourcesBuildPhase section */
		6F3630151EDF56050001CC0D /* Sources */ = {
			isa = PBXSourcesBuildPhase;
			buildActionMask = 2147483647;
			files = (
				6F3630241EDF56060001CC0D /* SplashScreenViewController.m in Sources */,
				6F3630211EDF56060001CC0D /* AppDelegate.m in Sources */,
				6F36301E1EDF56060001CC0D /* main.m in Sources */,
			);
			runOnlyForDeploymentPostprocessing = 0;
		};
		6F36302E1EDF56060001CC0D /* Sources */ = {
			isa = PBXSourcesBuildPhase;
			buildActionMask = 2147483647;
			files = (
				6F3630371EDF56060001CC0D /* Test_Engie_SE_iOSTests.m in Sources */,
			);
			runOnlyForDeploymentPostprocessing = 0;
		};
/* End PBXSourcesBuildPhase section */

/* Begin PBXTargetDependency section */
		6F3630341EDF56060001CC0D /* PBXTargetDependency */ = {
			isa = PBXTargetDependency;
			target = 6F3630181EDF56050001CC0D /* Test_Engie_SE_iOS */;
			targetProxy = 6F3630331EDF56060001CC0D /* PBXContainerItemProxy */;
		};
/* End PBXTargetDependency section */

/* Begin PBXVariantGroup section */
		6F3630251EDF56060001CC0D /* Main.storyboard */ = {
			isa = PBXVariantGroup;
			children = (
				6F3630261EDF56060001CC0D /* Base */,
			);
			name = Main.storyboard;
			sourceTree = "<group>";
		};
		6F36302A1EDF56060001CC0D /* LaunchScreen.storyboard */ = {
			isa = PBXVariantGroup;
			children = (
				6F36302B1EDF56060001CC0D /* Base */,
			);
			name = LaunchScreen.storyboard;
			sourceTree = "<group>";
		};
/* End PBXVariantGroup section */

/* Begin XCBuildConfiguration section */
		6F3630391EDF56060001CC0D /* Debug */ = {
			isa = XCBuildConfiguration;
			buildSettings = {
				ALWAYS_SEARCH_USER_PATHS = NO;
				CLANG_ANALYZER_NONNULL = YES;
				CLANG_CXX_LANGUAGE_STANDARD = "gnu++0x";
				CLANG_CXX_LIBRARY = "libc++";
				CLANG_ENABLE_MODULES = YES;
				CLANG_ENABLE_OBJC_ARC = YES;
				CLANG_WARN_BOOL_CONVERSION = YES;
				CLANG_WARN_CONSTANT_CONVERSION = YES;
				CLANG_WARN_DIRECT_OBJC_ISA_USAGE = YES_ERROR;
				CLANG_WARN_DOCUMENTATION_COMMENTS = YES;
				CLANG_WARN_EMPTY_BODY = YES;
				CLANG_WARN_ENUM_CONVERSION = YES;
				CLANG_WARN_INFINITE_RECURSION = YES;
				CLANG_WARN_INT_CONVERSION = YES;
				CLANG_WARN_OBJC_ROOT_CLASS = YES_ERROR;
				CLANG_WARN_SUSPICIOUS_MOVE = YES;
				CLANG_WARN_UNREACHABLE_CODE = YES;
				CLANG_WARN__DUPLICATE_METHOD_MATCH = YES;
				"CODE_SIGN_IDENTITY[sdk=iphoneos*]" = "iPhone Developer";
				COPY_PHASE_STRIP = NO;
				DEBUG_INFORMATION_FORMAT = dwarf;
				ENABLE_STRICT_OBJC_MSGSEND = YES;
				ENABLE_TESTABILITY = YES;
				GCC_C_LANGUAGE_STANDARD = gnu99;
				GCC_DYNAMIC_NO_PIC = NO;
				GCC_NO_COMMON_BLOCKS = YES;
				GCC_OPTIMIZATION_LEVEL = 0;
				GCC_PREPROCESSOR_DEFINITIONS = (
					"DEBUG=1",
					"$(inherited)",
				);
				GCC_WARN_64_TO_32_BIT_CONVERSION = YES;
				GCC_WARN_ABOUT_RETURN_TYPE = YES_ERROR;
				GCC_WARN_UNDECLARED_SELECTOR = YES;
				GCC_WARN_UNINITIALIZED_AUTOS = YES_AGGRESSIVE;
				GCC_WARN_UNUSED_FUNCTION = YES;
				GCC_WARN_UNUSED_VARIABLE = YES;
				IPHONEOS_DEPLOYMENT_TARGET = 8.0;
				MTL_ENABLE_DEBUG_INFO = YES;
				ONLY_ACTIVE_ARCH = YES;
				SDKROOT = iphoneos;
			};
			name = Debug;
		};
		6F36303A1EDF56060001CC0D /* Release */ = {
			isa = XCBuildConfiguration;
			buildSettings = {
				ALWAYS_SEARCH_USER_PATHS = NO;
				CLANG_ANALYZER_NONNULL = YES;
				CLANG_CXX_LANGUAGE_STANDARD = "gnu++0x";
				CLANG_CXX_LIBRARY = "libc++";
				CLANG_ENABLE_MODULES = YES;
				CLANG_ENABLE_OBJC_ARC = YES;
				CLANG_WARN_BOOL_CONVERSION = YES;
				CLANG_WARN_CONSTANT_CONVERSION = YES;
				CLANG_WARN_DIRECT_OBJC_ISA_USAGE = YES_ERROR;
				CLANG_WARN_DOCUMENTATION_COMMENTS = YES;
				CLANG_WARN_EMPTY_BODY = YES;
				CLANG_WARN_ENUM_CONVERSION = YES;
				CLANG_WARN_INFINITE_RECURSION = YES;
				CLANG_WARN_INT_CONVERSION = YES;
				CLANG_WARN_OBJC_ROOT_CLASS = YES_ERROR;
				CLANG_WARN_SUSPICIOUS_MOVE = YES;
				CLANG_WARN_UNREACHABLE_CODE = YES;
				CLANG_WARN__DUPLICATE_METHOD_MATCH = YES;
				"CODE_SIGN_IDENTITY[sdk=iphoneos*]" = "iPhone Developer";
				COPY_PHASE_STRIP = NO;
				DEBUG_INFORMATION_FORMAT = "dwarf-with-dsym";
				ENABLE_NS_ASSERTIONS = NO;
				ENABLE_STRICT_OBJC_MSGSEND = YES;
				GCC_C_LANGUAGE_STANDARD = gnu99;
				GCC_NO_COMMON_BLOCKS = YES;
				GCC_WARN_64_TO_32_BIT_CONVERSION = YES;
				GCC_WARN_ABOUT_RETURN_TYPE = YES_ERROR;
				GCC_WARN_UNDECLARED_SELECTOR = YES;
				GCC_WARN_UNINITIALIZED_AUTOS = YES_AGGRESSIVE;
				GCC_WARN_UNUSED_FUNCTION = YES;
				GCC_WARN_UNUSED_VARIABLE = YES;
				IPHONEOS_DEPLOYMENT_TARGET = 8.0;
				MTL_ENABLE_DEBUG_INFO = NO;
				SDKROOT = iphoneos;
				VALIDATE_PRODUCT = YES;
			};
			name = Release;
		};
		6F36303C1EDF56060001CC0D /* Debug */ = {
			isa = XCBuildConfiguration;
			baseConfigurationReference = 93D1BF3884A368ECAEE7292D /* Pods-Test_Engie_SE_iOS.debug.xcconfig */;
			buildSettings = {
				ASSETCATALOG_COMPILER_APPICON_NAME = AppIcon;
				DEVELOPMENT_TEAM = "";
				INFOPLIST_FILE = Test_Engie_SE_iOS/Info.plist;
				LD_RUNPATH_SEARCH_PATHS = "$(inherited) @executable_path/Frameworks";
				PRODUCT_BUNDLE_IDENTIFIER = "com.asagette.Test-Engie-SE-iOS";
				PRODUCT_NAME = "$(TARGET_NAME)";
			};
			name = Debug;
		};
		6F36303D1EDF56060001CC0D /* Release */ = {
			isa = XCBuildConfiguration;
			baseConfigurationReference = 59D02DC25DE693C5F9AD76BE /* Pods-Test_Engie_SE_iOS.release.xcconfig */;
			buildSettings = {
				ASSETCATALOG_COMPILER_APPICON_NAME = AppIcon;
				DEVELOPMENT_TEAM = "";
				INFOPLIST_FILE = Test_Engie_SE_iOS/Info.plist;
				LD_RUNPATH_SEARCH_PATHS = "$(inherited) @executable_path/Frameworks";
				PRODUCT_BUNDLE_IDENTIFIER = "com.asagette.Test-Engie-SE-iOS";
				PRODUCT_NAME = "$(TARGET_NAME)";
			};
			name = Release;
		};
		6F36303F1EDF56060001CC0D /* Debug */ = {
			isa = XCBuildConfiguration;
			baseConfigurationReference = FDDAD8835178DE514E7EB6ED /* Pods-Test_Engie_SE_iOSTests.debug.xcconfig */;
			buildSettings = {
				BUNDLE_LOADER = "$(TEST_HOST)";
				INFOPLIST_FILE = Test_Engie_SE_iOSTests/Info.plist;
				LD_RUNPATH_SEARCH_PATHS = "$(inherited) @executable_path/Frameworks @loader_path/Frameworks";
				PRODUCT_BUNDLE_IDENTIFIER = "com.asagette.Test-Engie-SE-iOSTests";
				PRODUCT_NAME = "$(TARGET_NAME)";
				TEST_HOST = "$(BUILT_PRODUCTS_DIR)/Test_Engie_SE_iOS.app/Test_Engie_SE_iOS";
			};
			name = Debug;
		};
		6F3630401EDF56060001CC0D /* Release */ = {
			isa = XCBuildConfiguration;
			baseConfigurationReference = 49676DC84C04F9B9C4B7319F /* Pods-Test_Engie_SE_iOSTests.release.xcconfig */;
			buildSettings = {
				BUNDLE_LOADER = "$(TEST_HOST)";
				INFOPLIST_FILE = Test_Engie_SE_iOSTests/Info.plist;
				LD_RUNPATH_SEARCH_PATHS = "$(inherited) @executable_path/Frameworks @loader_path/Frameworks";
				PRODUCT_BUNDLE_IDENTIFIER = "com.asagette.Test-Engie-SE-iOSTests";
				PRODUCT_NAME = "$(TARGET_NAME)";
				TEST_HOST = "$(BUILT_PRODUCTS_DIR)/Test_Engie_SE_iOS.app/Test_Engie_SE_iOS";
			};
			name = Release;
		};
/* End XCBuildConfiguration section */

/* Begin XCConfigurationList section */
		6F3630141EDF56050001CC0D /* Build configuration list for PBXProject "Test_Engie_SE_iOS" */ = {
			isa = XCConfigurationList;
			buildConfigurations = (
				6F3630391EDF56060001CC0D /* Debug */,
				6F36303A1EDF56060001CC0D /* Release */,
			);
			defaultConfigurationIsVisible = 0;
			defaultConfigurationName = Release;
		};
		6F36303B1EDF56060001CC0D /* Build configuration list for PBXNativeTarget "Test_Engie_SE_iOS" */ = {
			isa = XCConfigurationList;
			buildConfigurations = (
				6F36303C1EDF56060001CC0D /* Debug */,
				6F36303D1EDF56060001CC0D /* Release */,
			);
			defaultConfigurationIsVisible = 0;
			defaultConfigurationName = Release;
		};
		6F36303E1EDF56060001CC0D /* Build configuration list for PBXNativeTarget "Test_Engie_SE_iOSTests" */ = {
			isa = XCConfigurationList;
			buildConfigurations = (
				6F36303F1EDF56060001CC0D /* Debug */,
				6F3630401EDF56060001CC0D /* Release */,
			);
			defaultConfigurationIsVisible = 0;
			defaultConfigurationName = Release;
		};
/* End XCConfigurationList section */
	};
	rootObject = 6F3630111EDF56050001CC0D /* Project object */;
}
